
Microsoft Visual Studio Solution File, Format Version 12.00
Project("{FAE04EC0-301F-11D3-BF4B-00C04F79EFBC}") = "CRUD_The_First", "CRUD_The_First.csproj", "{B85842FC-A278-4866-8629-02E5E2BAC86D}"
EndProject
Global
	GlobalSection(SolutionConfigurationPlatforms) = preSolution
		Debug|Any CPU = Debug|Any CPU
		Release|Any CPU = Release|Any CPU
	EndGlobalSection
	GlobalSection(ProjectConfigurationPlatforms) = postSolution
		{B85842FC-A278-4866-8629-02E5E2BAC86D}.Debug|Any CPU.ActiveCfg = Debug|Any CPU
		{B85842FC-A278-4866-8629-02E5E2BAC86D}.Debug|Any CPU.Build.0 = Debug|Any CPU
		{B85842FC-A278-4866-8629-02E5E2BAC86D}.Release|Any CPU.ActiveCfg = Release|Any CPU
		{B85842FC-A278-4866-8629-02E5E2BAC86D}.Release|Any CPU.Build.0 = Release|Any CPU
	EndGlobalSection
EndGlobal
